PODS:
  - Agrume (2.0.4)
  - Alamofire (3.2.0)
  - IQKeyboardManagerSwift (3.3.7)
  - SwiftyJSON (2.3.2)

DEPENDENCIES:
  - Agrume
  - Alamofire (~> 3.0)
  - IQKeyboardManagerSwift (~> 3.3)
  - SwiftyJSON

SPEC CHECKSUMS:
  Agrume: 166fb17264340f63c18953fc6fc900c249da87bf
  Alamofire: 4da478599fccddff361205c8929333d7fe18dceb
  IQKeyboardManagerSwift: 7d06186460470f3f7e767630861a1303980ee5cf
  SwiftyJSON: 04ccea08915aa0109039157c7974cf0298da292a

COCOAPODS: 0.39.0
